
Microsoft Visual Studio Solution File, Format Version 12.00
# Visual Studio 15
VisualStudioVersion = 15.0.27004.2006
MinimumVisualStudioVersion = 10.0.40219.1
Project("{FAE04EC0-301F-11D3-BF4B-00C04F79EFBC}") = "wScriptTemplates", "wScriptTemplates\wScriptTemplates.csproj", "{4FDE1002-2FF2-427B-B304-DE988F4E1940}"
EndProject
Global
	GlobalSection(SolutionConfigurationPlatforms) = preSolution
		Debug|Any CPU = Debug|Any CPU
		Release|Any CPU = Release|Any CPU
	EndGlobalSection
	GlobalSection(ProjectConfigurationPlatforms) = postSolution
		{4FDE1002-2FF2-427B-B304-DE988F4E1940}.Debug|Any CPU.ActiveCfg = Debug|Any CPU
		{4FDE1002-2FF2-427B-B304-DE988F4E1940}.Debug|Any CPU.Build.0 = Debug|Any CPU
		{4FDE1002-2FF2-427B-B304-DE988F4E1940}.Release|Any CPU.ActiveCfg = Release|Any CPU
		{4FDE1002-2FF2-427B-B304-DE988F4E1940}.Release|Any CPU.Build.0 = Release|Any CPU
	EndGlobalSection
	GlobalSection(SolutionProperties) = preSolution
		HideSolutionNode = FALSE
	EndGlobalSection
	GlobalSection(ExtensibilityGlobals) = postSolution
		SolutionGuid = {A1541057-DB3D-4186-9A6C-7716B9742E60}
	EndGlobalSection
EndGlobal
